
Microsoft Visual Studio Solution File, Format Version 12.00
# Visual Studio for Mac
Project("{FAE04EC0-301F-11D3-BF4B-00C04F79EFBC}") = "Assembly-CSharp", "Assembly-CSharp.csproj", "{1C70721A-C484-CB8A-C357-F6D6FCB61CF5}"
EndProject
Project("{FAE04EC0-301F-11D3-BF4B-00C04F79EFBC}") = "SteamVR", "SteamVR.csproj", "{86280956-45DF-98E2-D4D3-665A91DE3F65}"
EndProject
Project("{FAE04EC0-301F-11D3-BF4B-00C04F79EFBC}") = "SteamVR_Actions", "SteamVR_Actions.csproj", "{CBA80DA7-D33F-F0DD-F47A-BC69B005EAC3}"
EndProject
Project("{FAE04EC0-301F-11D3-BF4B-00C04F79EFBC}") = "Assembly-CSharp-Editor", "Assembly-CSharp-Editor.csproj", "{29489DA4-1886-63DF-EB81-AD097A334E72}"
EndProject
Project("{FAE04EC0-301F-11D3-BF4B-00C04F79EFBC}") = "SteamVR_Editor", "SteamVR_Editor.csproj", "{1B283AA4-16B1-B6F9-4350-E3DD6993CDE8}"
EndProject
Project("{FAE04EC0-301F-11D3-BF4B-00C04F79EFBC}") = "SteamVR_Input_Editor", "SteamVR_Input_Editor.csproj", "{48D0A75B-6E55-1B2C-7162-1633360411FD}"
EndProject
Project("{FAE04EC0-301F-11D3-BF4B-00C04F79EFBC}") = "SteamVR_Windows_EditorHelper", "SteamVR_Windows_EditorHelper.csproj", "{C69FE343-2A3F-C17C-DB42-AF18B4E8524E}"
EndProject
Global
	GlobalSection(SolutionConfigurationPlatforms) = preSolution
		Debug|Any CPU = Debug|Any CPU
		Release|Any CPU = Release|Any CPU
	EndGlobalSection
	GlobalSection(ProjectConfigurationPlatforms) = postSolution
		{1C70721A-C484-CB8A-C357-F6D6FCB61CF5}.Debug|Any CPU.ActiveCfg = Debug|Any CPU
		{1C70721A-C484-CB8A-C357-F6D6FCB61CF5}.Debug|Any CPU.Build.0 = Debug|Any CPU
		{1C70721A-C484-CB8A-C357-F6D6FCB61CF5}.Release|Any CPU.ActiveCfg = Release|Any CPU
		{1C70721A-C484-CB8A-C357-F6D6FCB61CF5}.Release|Any CPU.Build.0 = Release|Any CPU
		{86280956-45DF-98E2-D4D3-665A91DE3F65}.Debug|Any CPU.ActiveCfg = Debug|Any CPU
		{86280956-45DF-98E2-D4D3-665A91DE3F65}.Debug|Any CPU.Build.0 = Debug|Any CPU
		{86280956-45DF-98E2-D4D3-665A91DE3F65}.Release|Any CPU.ActiveCfg = Release|Any CPU
		{86280956-45DF-98E2-D4D3-665A91DE3F65}.Release|Any CPU.Build.0 = Release|Any CPU
		{CBA80DA7-D33F-F0DD-F47A-BC69B005EAC3}.Debug|Any CPU.ActiveCfg = Debug|Any CPU
		{CBA80DA7-D33F-F0DD-F47A-BC69B005EAC3}.Debug|Any CPU.Build.0 = Debug|Any CPU
		{CBA80DA7-D33F-F0DD-F47A-BC69B005EAC3}.Release|Any CPU.ActiveCfg = Release|Any CPU
		{CBA80DA7-D33F-F0DD-F47A-BC69B005EAC3}.Release|Any CPU.Build.0 = Release|Any CPU
		{29489DA4-1886-63DF-EB81-AD097A334E72}.Debug|Any CPU.ActiveCfg = Debug|Any CPU
		{29489DA4-1886-63DF-EB81-AD097A334E72}.Debug|Any CPU.Build.0 = Debug|Any CPU
		{29489DA4-1886-63DF-EB81-AD097A334E72}.Release|Any CPU.ActiveCfg = Release|Any CPU
		{29489DA4-1886-63DF-EB81-AD097A334E72}.Release|Any CPU.Build.0 = Release|Any CPU
		{1B283AA4-16B1-B6F9-4350-E3DD6993CDE8}.Debug|Any CPU.ActiveCfg = Debug|Any CPU
		{1B283AA4-16B1-B6F9-4350-E3DD6993CDE8}.Debug|Any CPU.Build.0 = Debug|Any CPU
		{1B283AA4-16B1-B6F9-4350-E3DD6993CDE8}.Release|Any CPU.ActiveCfg = Release|Any CPU
		{1B283AA4-16B1-B6F9-4350-E3DD6993CDE8}.Release|Any CPU.Build.0 = Release|Any CPU
		{48D0A75B-6E55-1B2C-7162-1633360411FD}.Debug|Any CPU.ActiveCfg = Debug|Any CPU
		{48D0A75B-6E55-1B2C-7162-1633360411FD}.Debug|Any CPU.Build.0 = Debug|Any CPU
		{48D0A75B-6E55-1B2C-7162-1633360411FD}.Release|Any CPU.ActiveCfg = Release|Any CPU
		{48D0A75B-6E55-1B2C-7162-1633360411FD}.Release|Any CPU.Build.0 = Release|Any CPU
		{C69FE343-2A3F-C17C-DB42-AF18B4E8524E}.Debug|Any CPU.ActiveCfg = Debug|Any CPU
		{C69FE343-2A3F-C17C-DB42-AF18B4E8524E}.Debug|Any CPU.Build.0 = Debug|Any CPU
		{C69FE343-2A3F-C17C-DB42-AF18B4E8524E}.Release|Any CPU.ActiveCfg = Release|Any CPU
		{C69FE343-2A3F-C17C-DB42-AF18B4E8524E}.Release|Any CPU.Build.0 = Release|Any CPU
	EndGlobalSection
	GlobalSection(SolutionProperties) = preSolution
		HideSolutionNode = FALSE
	EndGlobalSection
EndGlobal
